
Microsoft Visual Studio Solution File, Format Version 12.00
# Visual Studio Version 17
VisualStudioVersion = 17.6.33815.320
MinimumVisualStudioVersion = 10.0.40219.1
Project("{FAE04EC0-301F-11D3-BF4B-00C04F79EFBC}") = "prj_sql_injection", "prj_sql_injection\prj_sql_injection.csproj", "{EE6806E8-2378-4B63-ACA4-5E6BA2ED7448}"
EndProject
Global
	GlobalSection(SolutionConfigurationPlatforms) = preSolution
		Debug|Any CPU = Debug|Any CPU
		Release|Any CPU = Release|Any CPU
	EndGlobalSection
	GlobalSection(ProjectConfigurationPlatforms) = postSolution
		{EE6806E8-2378-4B63-ACA4-5E6BA2ED7448}.Debug|Any CPU.ActiveCfg = Debug|Any CPU
		{EE6806E8-2378-4B63-ACA4-5E6BA2ED7448}.Debug|Any CPU.Build.0 = Debug|Any CPU
		{EE6806E8-2378-4B63-ACA4-5E6BA2ED7448}.Release|Any CPU.ActiveCfg = Release|Any CPU
		{EE6806E8-2378-4B63-ACA4-5E6BA2ED7448}.Release|Any CPU.Build.0 = Release|Any CPU
	EndGlobalSection
	GlobalSection(SolutionProperties) = preSolution
		HideSolutionNode = FALSE
	EndGlobalSection
	GlobalSection(ExtensibilityGlobals) = postSolution
		SolutionGuid = {93423E7D-E9EA-40EA-9543-6435529EC03D}
	EndGlobalSection
EndGlobal
